// !$*UTF8*$!
{
	archiveVersion = 1;
	classes = {
	};
	objectVersion = 50;
	objects = {

/* Begin PBXBuildFile section */
		5A15FC342474DA4E0029E2F0 /* AppDelegate.swift in Sources */ = {isa = PBXBuildFile; fileRef = 5A15FC332474DA4E0029E2F0 /* AppDelegate.swift */; };
		5A15FC362474DA4E0029E2F0 /* SceneDelegate.swift in Sources */ = {isa = PBXBuildFile; fileRef = 5A15FC352474DA4E0029E2F0 /* SceneDelegate.swift */; };
		5A15FC382474DA4E0029E2F0 /* SoundCardVC.swift in Sources */ = {isa = PBXBuildFile; fileRef = 5A15FC372474DA4E0029E2F0 /* SoundCardVC.swift */; };
		5A15FC3E2474DA4E0029E2F0 /* Oalaa.xcdatamodeld in Sources */ = {isa = PBXBuildFile; fileRef = 5A15FC3C2474DA4E0029E2F0 /* Oalaa.xcdatamodeld */; };
		5A15FC402474DA510029E2F0 /* Assets.xcassets in Resources */ = {isa = PBXBuildFile; fileRef = 5A15FC3F2474DA510029E2F0 /* Assets.xcassets */; };
		5A15FC432474DA510029E2F0 /* LaunchScreen.storyboard in Resources */ = {isa = PBXBuildFile; fileRef = 5A15FC412474DA510029E2F0 /* LaunchScreen.storyboard */; };
		5A7D1B94247F54580077CE1A /* DailyCell.swift in Sources */ = {isa = PBXBuildFile; fileRef = 5A7D1B93247F54580077CE1A /* DailyCell.swift */; };
		5A7D1B96247F54800077CE1A /* AchievementCell.swift in Sources */ = {isa = PBXBuildFile; fileRef = 5A7D1B95247F54800077CE1A /* AchievementCell.swift */; };
		5A7D1B9824809BB00077CE1A /* TaskManager.swift in Sources */ = {isa = PBXBuildFile; fileRef = 5A7D1B9724809BB00077CE1A /* TaskManager.swift */; };
		5A7D1B9B2480A3AD0077CE1A /* UserDefaults.swift in Sources */ = {isa = PBXBuildFile; fileRef = 5A7D1B9A2480A3AD0077CE1A /* UserDefaults.swift */; };
		5A7D1B9D2480C0DA0077CE1A /* DailyMission.swift in Sources */ = {isa = PBXBuildFile; fileRef = 5A7D1B9C2480C0DA0077CE1A /* DailyMission.swift */; };
		5AB3E82424775E2400BC791B /* Task.storyboard in Resources */ = {isa = PBXBuildFile; fileRef = 5AB3E82324775E2400BC791B /* Task.storyboard */; };
		5AB3E8282477610500BC791B /* AddSoundCard.storyboard in Resources */ = {isa = PBXBuildFile; fileRef = 5AB3E8272477610500BC791B /* AddSoundCard.storyboard */; };
		5ABC4D6224858974005E466F /* TrainingVC.swift in Sources */ = {isa = PBXBuildFile; fileRef = 5ABC4D6024858974005E466F /* TrainingVC.swift */; };
		5ABC4D6324858974005E466F /* Training.storyboard in Resources */ = {isa = PBXBuildFile; fileRef = 5ABC4D6124858974005E466F /* Training.storyboard */; };
		8508A6452478100A00A340A9 /* HeaderTableViewCell.swift in Sources */ = {isa = PBXBuildFile; fileRef = 8508A6432478100A00A340A9 /* HeaderTableViewCell.swift */; };
		8508A6462478100A00A340A9 /* HeaderTableViewCell.xib in Resources */ = {isa = PBXBuildFile; fileRef = 8508A6442478100A00A340A9 /* HeaderTableViewCell.xib */; };
		8508A64D247810F400A340A9 /* PostCaptureTableViewCell.swift in Sources */ = {isa = PBXBuildFile; fileRef = 8508A64B247810F400A340A9 /* PostCaptureTableViewCell.swift */; };
		8508A64E247810F400A340A9 /* PostCaptureTableViewCell.xib in Resources */ = {isa = PBXBuildFile; fileRef = 8508A64C247810F400A340A9 /* PostCaptureTableViewCell.xib */; };
		8508A6512478114500A340A9 /* ObjectRecognitionTableViewCell.swift in Sources */ = {isa = PBXBuildFile; fileRef = 8508A64F2478114500A340A9 /* ObjectRecognitionTableViewCell.swift */; };
		8508A6522478114500A340A9 /* ObjectRecognitionTableViewCell.xib in Resources */ = {isa = PBXBuildFile; fileRef = 8508A6502478114500A340A9 /* ObjectRecognitionTableViewCell.xib */; };
		8508A656247AD78D00A340A9 /* AddSoundCardSection.swift in Sources */ = {isa = PBXBuildFile; fileRef = 8508A655247AD78D00A340A9 /* AddSoundCardSection.swift */; };
		8508A65C247B67D300A340A9 /* PreviewCaptureTableViewCell.swift in Sources */ = {isa = PBXBuildFile; fileRef = 8508A65A247B67D300A340A9 /* PreviewCaptureTableViewCell.swift */; };
		8508A65D247B67D300A340A9 /* PreviewCaptureTableViewCell.xib in Resources */ = {isa = PBXBuildFile; fileRef = 8508A65B247B67D300A340A9 /* PreviewCaptureTableViewCell.xib */; };
		8508A661247B734800A340A9 /* FooterTableViewCell.swift in Sources */ = {isa = PBXBuildFile; fileRef = 8508A65F247B734800A340A9 /* FooterTableViewCell.swift */; };
		8508A662247B734800A340A9 /* FooterTableViewCell.xib in Resources */ = {isa = PBXBuildFile; fileRef = 8508A660247B734800A340A9 /* FooterTableViewCell.xib */; };
		8508A664247D2E9900A340A9 /* CGImagePropertyOrientation.swift in Sources */ = {isa = PBXBuildFile; fileRef = 8508A663247D2E9900A340A9 /* CGImagePropertyOrientation.swift */; };
		8508A665247D825200A340A9 /* Resnet50.mlmodel in Sources */ = {isa = PBXBuildFile; fileRef = 8508A659247B65F500A340A9 /* Resnet50.mlmodel */; };
		D049C1CE2474E933002D436B /* TaskVC.swift in Sources */ = {isa = PBXBuildFile; fileRef = D049C1CD2474E933002D436B /* TaskVC.swift */; };
		D049C1D02474E945002D436B /* AddSoundCardVC.swift in Sources */ = {isa = PBXBuildFile; fileRef = D049C1CF2474E945002D436B /* AddSoundCardVC.swift */; };
		D049C1D22474E954002D436B /* AddCategoryVC.swift in Sources */ = {isa = PBXBuildFile; fileRef = D049C1D12474E954002D436B /* AddCategoryVC.swift */; };
		D06A6FFC247CCE07006337E6 /* Main.storyboard in Resources */ = {isa = PBXBuildFile; fileRef = D06A6FFB247CCE07006337E6 /* Main.storyboard */; };
		D06A7002247CCE19006337E6 /* DataManager.swift in Sources */ = {isa = PBXBuildFile; fileRef = D06A6FFD247CCE19006337E6 /* DataManager.swift */; };
		D06A700A247CCE6D006337E6 /* addCategoryCollectionViewCell.swift in Sources */ = {isa = PBXBuildFile; fileRef = D06A7007247CCE6D006337E6 /* addCategoryCollectionViewCell.swift */; };
		D06A700B247CCE6D006337E6 /* SoundcardCollectionViewCell.swift in Sources */ = {isa = PBXBuildFile; fileRef = D06A7008247CCE6D006337E6 /* SoundcardCollectionViewCell.swift */; };
		D06A700C247CCE6D006337E6 /* CategoryCollectionViewCell.swift in Sources */ = {isa = PBXBuildFile; fileRef = D06A7009247CCE6D006337E6 /* CategoryCollectionViewCell.swift */; };
		D06A701B247CD7F9006337E6 /* Soundcards+CoreDataClass.swift in Sources */ = {isa = PBXBuildFile; fileRef = D06A7017247CD7F9006337E6 /* Soundcards+CoreDataClass.swift */; };
		D06A701C247CD7F9006337E6 /* Soundcards+CoreDataProperties.swift in Sources */ = {isa = PBXBuildFile; fileRef = D06A7018247CD7F9006337E6 /* Soundcards+CoreDataProperties.swift */; };
		D06A701D247CD7F9006337E6 /* Categories+CoreDataClass.swift in Sources */ = {isa = PBXBuildFile; fileRef = D06A7019247CD7F9006337E6 /* Categories+CoreDataClass.swift */; };
		D06A701E247CD7F9006337E6 /* Categories+CoreDataProperties.swift in Sources */ = {isa = PBXBuildFile; fileRef = D06A701A247CD7F9006337E6 /* Categories+CoreDataProperties.swift */; };
/* End PBXBuildFile section */

/* Begin PBXFileReference section */
		5A15FC302474DA4E0029E2F0 /* Oalaa.app */ = {isa = PBXFileReference; explicitFileType = wrapper.application; includeInIndex = 0; path = Oalaa.app; sourceTree = BUILT_PRODUCTS_DIR; };
		5A15FC332474DA4E0029E2F0 /* AppDelegate.swift */ = {isa = PBXFileReference; lastKnownFileType = sourcecode.swift; path = AppDelegate.swift; sourceTree = "<group>"; };
		5A15FC352474DA4E0029E2F0 /* SceneDelegate.swift */ = {isa = PBXFileReference; lastKnownFileType = sourcecode.swift; path = SceneDelegate.swift; sourceTree = "<group>"; };
		5A15FC372474DA4E0029E2F0 /* SoundCardVC.swift */ = {isa = PBXFileReference; lastKnownFileType = sourcecode.swift; path = SoundCardVC.swift; sourceTree = "<group>"; };
		5A15FC3D2474DA4E0029E2F0 /* Oalaa.xcdatamodel */ = {isa = PBXFileReference; lastKnownFileType = wrapper.xcdatamodel; path = Oalaa.xcdatamodel; sourceTree = "<group>"; };
		5A15FC3F2474DA510029E2F0 /* Assets.xcassets */ = {isa = PBXFileReference; lastKnownFileType = folder.assetcatalog; path = Assets.xcassets; sourceTree = "<group>"; };
		5A15FC422474DA510029E2F0 /* Base */ = {isa = PBXFileReference; lastKnownFileType = file.storyboard; name = Base; path = Base.lproj/LaunchScreen.storyboard; sourceTree = "<group>"; };
		5A15FC442474DA510029E2F0 /* Info.plist */ = {isa = PBXFileReference; lastKnownFileType = text.plist.xml; path = Info.plist; sourceTree = "<group>"; };
		5A7D1B93247F54580077CE1A /* DailyCell.swift */ = {isa = PBXFileReference; lastKnownFileType = sourcecode.swift; path = DailyCell.swift; sourceTree = "<group>"; };
		5A7D1B95247F54800077CE1A /* AchievementCell.swift */ = {isa = PBXFileReference; lastKnownFileType = sourcecode.swift; path = AchievementCell.swift; sourceTree = "<group>"; };
		5A7D1B9724809BB00077CE1A /* TaskManager.swift */ = {isa = PBXFileReference; lastKnownFileType = sourcecode.swift; path = TaskManager.swift; sourceTree = "<group>"; };
		5A7D1B9A2480A3AD0077CE1A /* UserDefaults.swift */ = {isa = PBXFileReference; lastKnownFileType = sourcecode.swift; path = UserDefaults.swift; sourceTree = "<group>"; };
		5A7D1B9C2480C0DA0077CE1A /* DailyMission.swift */ = {isa = PBXFileReference; lastKnownFileType = sourcecode.swift; path = DailyMission.swift; sourceTree = "<group>"; };
		5AB3E82324775E2400BC791B /* Task.storyboard */ = {isa = PBXFileReference; lastKnownFileType = file.storyboard; path = Task.storyboard; sourceTree = "<group>"; };
		5AB3E8272477610500BC791B /* AddSoundCard.storyboard */ = {isa = PBXFileReference; lastKnownFileType = file.storyboard; path = AddSoundCard.storyboard; sourceTree = "<group>"; };
		5ABC4D6024858974005E466F /* TrainingVC.swift */ = {isa = PBXFileReference; fileEncoding = 4; lastKnownFileType = sourcecode.swift; path = TrainingVC.swift; sourceTree = "<group>"; };
		5ABC4D6124858974005E466F /* Training.storyboard */ = {isa = PBXFileReference; fileEncoding = 4; lastKnownFileType = file.storyboard; path = Training.storyboard; sourceTree = "<group>"; };
		8508A6432478100A00A340A9 /* HeaderTableViewCell.swift */ = {isa = PBXFileReference; lastKnownFileType = sourcecode.swift; path = HeaderTableViewCell.swift; sourceTree = "<group>"; };
		8508A6442478100A00A340A9 /* HeaderTableViewCell.xib */ = {isa = PBXFileReference; lastKnownFileType = file.xib; path = HeaderTableViewCell.xib; sourceTree = "<group>"; };
		8508A64B247810F400A340A9 /* PostCaptureTableViewCell.swift */ = {isa = PBXFileReference; lastKnownFileType = sourcecode.swift; path = PostCaptureTableViewCell.swift; sourceTree = "<group>"; };
		8508A64C247810F400A340A9 /* PostCaptureTableViewCell.xib */ = {isa = PBXFileReference; lastKnownFileType = file.xib; path = PostCaptureTableViewCell.xib; sourceTree = "<group>"; };
		8508A64F2478114500A340A9 /* ObjectRecognitionTableViewCell.swift */ = {isa = PBXFileReference; lastKnownFileType = sourcecode.swift; path = ObjectRecognitionTableViewCell.swift; sourceTree = "<group>"; };
		8508A6502478114500A340A9 /* ObjectRecognitionTableViewCell.xib */ = {isa = PBXFileReference; lastKnownFileType = file.xib; path = ObjectRecognitionTableViewCell.xib; sourceTree = "<group>"; };
		8508A655247AD78D00A340A9 /* AddSoundCardSection.swift */ = {isa = PBXFileReference; lastKnownFileType = sourcecode.swift; path = AddSoundCardSection.swift; sourceTree = "<group>"; };
		8508A659247B65F500A340A9 /* Resnet50.mlmodel */ = {isa = PBXFileReference; lastKnownFileType = file.mlmodel; path = Resnet50.mlmodel; sourceTree = "<group>"; };
		8508A65A247B67D300A340A9 /* PreviewCaptureTableViewCell.swift */ = {isa = PBXFileReference; lastKnownFileType = sourcecode.swift; path = PreviewCaptureTableViewCell.swift; sourceTree = "<group>"; };
		8508A65B247B67D300A340A9 /* PreviewCaptureTableViewCell.xib */ = {isa = PBXFileReference; lastKnownFileType = file.xib; path = PreviewCaptureTableViewCell.xib; sourceTree = "<group>"; };
		8508A65F247B734800A340A9 /* FooterTableViewCell.swift */ = {isa = PBXFileReference; lastKnownFileType = sourcecode.swift; path = FooterTableViewCell.swift; sourceTree = "<group>"; };
		8508A660247B734800A340A9 /* FooterTableViewCell.xib */ = {isa = PBXFileReference; lastKnownFileType = file.xib; path = FooterTableViewCell.xib; sourceTree = "<group>"; };
		8508A663247D2E9900A340A9 /* CGImagePropertyOrientation.swift */ = {isa = PBXFileReference; lastKnownFileType = sourcecode.swift; path = CGImagePropertyOrientation.swift; sourceTree = "<group>"; };
		D049C1CD2474E933002D436B /* TaskVC.swift */ = {isa = PBXFileReference; lastKnownFileType = sourcecode.swift; path = TaskVC.swift; sourceTree = "<group>"; };
		D049C1CF2474E945002D436B /* AddSoundCardVC.swift */ = {isa = PBXFileReference; lastKnownFileType = sourcecode.swift; path = AddSoundCardVC.swift; sourceTree = "<group>"; };
		D049C1D12474E954002D436B /* AddCategoryVC.swift */ = {isa = PBXFileReference; lastKnownFileType = sourcecode.swift; path = AddCategoryVC.swift; sourceTree = "<group>"; };
		D06A6FFB247CCE07006337E6 /* Main.storyboard */ = {isa = PBXFileReference; fileEncoding = 4; lastKnownFileType = file.storyboard; path = Main.storyboard; sourceTree = "<group>"; };
		D06A6FFD247CCE19006337E6 /* DataManager.swift */ = {isa = PBXFileReference; fileEncoding = 4; lastKnownFileType = sourcecode.swift; path = DataManager.swift; sourceTree = "<group>"; };
		D06A7007247CCE6D006337E6 /* addCategoryCollectionViewCell.swift */ = {isa = PBXFileReference; fileEncoding = 4; lastKnownFileType = sourcecode.swift; path = addCategoryCollectionViewCell.swift; sourceTree = "<group>"; };
		D06A7008247CCE6D006337E6 /* SoundcardCollectionViewCell.swift */ = {isa = PBXFileReference; fileEncoding = 4; lastKnownFileType = sourcecode.swift; path = SoundcardCollectionViewCell.swift; sourceTree = "<group>"; };
		D06A7009247CCE6D006337E6 /* CategoryCollectionViewCell.swift */ = {isa = PBXFileReference; fileEncoding = 4; lastKnownFileType = sourcecode.swift; path = CategoryCollectionViewCell.swift; sourceTree = "<group>"; };
		D06A7017247CD7F9006337E6 /* Soundcards+CoreDataClass.swift */ = {isa = PBXFileReference; lastKnownFileType = sourcecode.swift; path = "Soundcards+CoreDataClass.swift"; sourceTree = "<group>"; };
		D06A7018247CD7F9006337E6 /* Soundcards+CoreDataProperties.swift */ = {isa = PBXFileReference; lastKnownFileType = sourcecode.swift; path = "Soundcards+CoreDataProperties.swift"; sourceTree = "<group>"; };
		D06A7019247CD7F9006337E6 /* Categories+CoreDataClass.swift */ = {isa = PBXFileReference; lastKnownFileType = sourcecode.swift; path = "Categories+CoreDataClass.swift"; sourceTree = "<group>"; };
		D06A701A247CD7F9006337E6 /* Categories+CoreDataProperties.swift */ = {isa = PBXFileReference; lastKnownFileType = sourcecode.swift; path = "Categories+CoreDataProperties.swift"; sourceTree = "<group>"; };
/* End PBXFileReference section */

/* Begin PBXFrameworksBuildPhase section */
		5A15FC2D2474DA4E0029E2F0 /* Frameworks */ = {
			isa = PBXFrameworksBuildPhase;
			buildActionMask = 2147483647;
			files = (
			);
			runOnlyForDeploymentPostprocessing = 0;
		};
/* End PBXFrameworksBuildPhase section */

/* Begin PBXGroup section */
		5A15FC272474DA4E0029E2F0 = {
			isa = PBXGroup;
			children = (
				5A15FC322474DA4E0029E2F0 /* Oalaa */,
				5A15FC312474DA4E0029E2F0 /* Products */,
			);
			sourceTree = "<group>";
		};
		5A15FC312474DA4E0029E2F0 /* Products */ = {
			isa = PBXGroup;
			children = (
				5A15FC302474DA4E0029E2F0 /* Oalaa.app */,
			);
			name = Products;
			sourceTree = "<group>";
		};
		5A15FC322474DA4E0029E2F0 /* Oalaa */ = {
			isa = PBXGroup;
			children = (
				5A15FC332474DA4E0029E2F0 /* AppDelegate.swift */,
				5A15FC352474DA4E0029E2F0 /* SceneDelegate.swift */,
				D06A6FFB247CCE07006337E6 /* Main.storyboard */,
				5A15FC3F2474DA510029E2F0 /* Assets.xcassets */,
				5A15FC412474DA510029E2F0 /* LaunchScreen.storyboard */,
				5A15FC442474DA510029E2F0 /* Info.plist */,
				5A7D1B992480A3940077CE1A /* Extensions */,
				D04C7A07247767A6004ED785 /* Model */,
				D049C1D32474E961002D436B /* Training */,
				D049C1D42474E96B002D436B /* Task */,
				D049C1D52474E976002D436B /* Soundcard */,
			);
			path = Oalaa;
			sourceTree = "<group>";
		};
		5A7D1B992480A3940077CE1A /* Extensions */ = {
			isa = PBXGroup;
			children = (
				5A7D1B9A2480A3AD0077CE1A /* UserDefaults.swift */,
			);
			path = Extensions;
			sourceTree = "<group>";
		};
		8508A63C24780A1200A340A9 /* Add Sound Card Scene */ = {
			isa = PBXGroup;
			children = (
				8508A655247AD78D00A340A9 /* AddSoundCardSection.swift */,
				D049C1CF2474E945002D436B /* AddSoundCardVC.swift */,
				5AB3E8272477610500BC791B /* AddSoundCard.storyboard */,
				8508A63D24780A6100A340A9 /* Cells */,
			);
			path = "Add Sound Card Scene";
			sourceTree = "<group>";
		};
		8508A63D24780A6100A340A9 /* Cells */ = {
			isa = PBXGroup;
			children = (
				8508A63E24780A9E00A340A9 /* Header */,
				8508A63F24780AB400A340A9 /* Object Recognition */,
				8508A64024780ACD00A340A9 /* Action Button */,
				8508A65E247B727300A340A9 /* Footer */,
			);
			path = Cells;
			sourceTree = "<group>";
		};
		8508A63E24780A9E00A340A9 /* Header */ = {
			isa = PBXGroup;
			children = (
				8508A6432478100A00A340A9 /* HeaderTableViewCell.swift */,
				8508A6442478100A00A340A9 /* HeaderTableViewCell.xib */,
			);
			path = Header;
			sourceTree = "<group>";
		};
		8508A63F24780AB400A340A9 /* Object Recognition */ = {
			isa = PBXGroup;
			children = (
				8508A657247B639600A340A9 /* PreCapture */,
				8508A658247B63B200A340A9 /* PostCapture */,
			);
			path = "Object Recognition";
			sourceTree = "<group>";
		};
		8508A64024780ACD00A340A9 /* Action Button */ = {
			isa = PBXGroup;
			children = (
				8508A64B247810F400A340A9 /* PostCaptureTableViewCell.swift */,
				8508A64C247810F400A340A9 /* PostCaptureTableViewCell.xib */,
			);
			path = "Action Button";
			sourceTree = "<group>";
		};
		8508A657247B639600A340A9 /* PreCapture */ = {
			isa = PBXGroup;
			children = (
				8508A64F2478114500A340A9 /* ObjectRecognitionTableViewCell.swift */,
				8508A6502478114500A340A9 /* ObjectRecognitionTableViewCell.xib */,
			);
			path = PreCapture;
			sourceTree = "<group>";
		};
		8508A658247B63B200A340A9 /* PostCapture */ = {
			isa = PBXGroup;
			children = (
				8508A659247B65F500A340A9 /* Resnet50.mlmodel */,
				8508A663247D2E9900A340A9 /* CGImagePropertyOrientation.swift */,
				8508A65A247B67D300A340A9 /* PreviewCaptureTableViewCell.swift */,
				8508A65B247B67D300A340A9 /* PreviewCaptureTableViewCell.xib */,
			);
			path = PostCapture;
			sourceTree = "<group>";
		};
		8508A65E247B727300A340A9 /* Footer */ = {
			isa = PBXGroup;
			children = (
				8508A65F247B734800A340A9 /* FooterTableViewCell.swift */,
				8508A660247B734800A340A9 /* FooterTableViewCell.xib */,
			);
			path = Footer;
			sourceTree = "<group>";
		};
		D049C1D32474E961002D436B /* Training */ = {
			isa = PBXGroup;
			children = (
				5ABC4D6124858974005E466F /* Training.storyboard */,
				5ABC4D6024858974005E466F /* TrainingVC.swift */,
			);
			path = Training;
			sourceTree = "<group>";
		};
		D049C1D42474E96B002D436B /* Task */ = {
			isa = PBXGroup;
			children = (
				D049C1CD2474E933002D436B /* TaskVC.swift */,
				5AB3E82324775E2400BC791B /* Task.storyboard */,
				5A7D1B93247F54580077CE1A /* DailyCell.swift */,
				5A7D1B95247F54800077CE1A /* AchievementCell.swift */,
			);
			path = Task;
			sourceTree = "<group>";
		};
		D049C1D52474E976002D436B /* Soundcard */ = {
			isa = PBXGroup;
			children = (
				5A15FC372474DA4E0029E2F0 /* SoundCardVC.swift */,
				D049C1D12474E954002D436B /* AddCategoryVC.swift */,
				D06A7007247CCE6D006337E6 /* addCategoryCollectionViewCell.swift */,
				D06A7009247CCE6D006337E6 /* CategoryCollectionViewCell.swift */,
				D06A7008247CCE6D006337E6 /* SoundcardCollectionViewCell.swift */,
				8508A63C24780A1200A340A9 /* Add Sound Card Scene */,
			);
			path = Soundcard;
			sourceTree = "<group>";
		};
		D04C7A07247767A6004ED785 /* Model */ = {
			isa = PBXGroup;
			children = (
				D06A7017247CD7F9006337E6 /* Soundcards+CoreDataClass.swift */,
				D06A7018247CD7F9006337E6 /* Soundcards+CoreDataProperties.swift */,
				D06A7019247CD7F9006337E6 /* Categories+CoreDataClass.swift */,
				D06A701A247CD7F9006337E6 /* Categories+CoreDataProperties.swift */,
				5A15FC3C2474DA4E0029E2F0 /* Oalaa.xcdatamodeld */,
				D06A6FFD247CCE19006337E6 /* DataManager.swift */,
				5A7D1B9724809BB00077CE1A /* TaskManager.swift */,
				5A7D1B9C2480C0DA0077CE1A /* DailyMission.swift */,
			);
			path = Model;
			sourceTree = "<group>";
		};
/* End PBXGroup section */

/* Begin PBXNativeTarget section */
		5A15FC2F2474DA4E0029E2F0 /* Oalaa */ = {
			isa = PBXNativeTarget;
			buildConfigurationList = 5A15FC472474DA510029E2F0 /* Build configuration list for PBXNativeTarget "Oalaa" */;
			buildPhases = (
				5A15FC2C2474DA4E0029E2F0 /* Sources */,
				5A15FC2D2474DA4E0029E2F0 /* Frameworks */,
				5A15FC2E2474DA4E0029E2F0 /* Resources */,
			);
			buildRules = (
			);
			dependencies = (
			);
			name = Oalaa;
			productName = Oalaa;
			productReference = 5A15FC302474DA4E0029E2F0 /* Oalaa.app */;
			productType = "com.apple.product-type.application";
		};
/* End PBXNativeTarget section */

/* Begin PBXProject section */
		5A15FC282474DA4E0029E2F0 /* Project object */ = {
			isa = PBXProject;
			attributes = {
				LastSwiftUpdateCheck = 1140;
				LastUpgradeCheck = 1140;
				ORGANIZATIONNAME = "M2-911";
				TargetAttributes = {
					5A15FC2F2474DA4E0029E2F0 = {
						CreatedOnToolsVersion = 11.4.1;
					};
				};
			};
			buildConfigurationList = 5A15FC2B2474DA4E0029E2F0 /* Build configuration list for PBXProject "Oalaa" */;
			compatibilityVersion = "Xcode 9.3";
			developmentRegion = en;
			hasScannedForEncodings = 0;
			knownRegions = (
				en,
				Base,
			);
			mainGroup = 5A15FC272474DA4E0029E2F0;
			productRefGroup = 5A15FC312474DA4E0029E2F0 /* Products */;
			projectDirPath = "";
			projectRoot = "";
			targets = (
				5A15FC2F2474DA4E0029E2F0 /* Oalaa */,
			);
		};
/* End PBXProject section */

/* Begin PBXResourcesBuildPhase section */
		5A15FC2E2474DA4E0029E2F0 /* Resources */ = {
			isa = PBXResourcesBuildPhase;
			buildActionMask = 2147483647;
			files = (
				5AB3E8282477610500BC791B /* AddSoundCard.storyboard in Resources */,
				8508A662247B734800A340A9 /* FooterTableViewCell.xib in Resources */,
				8508A64E247810F400A340A9 /* PostCaptureTableViewCell.xib in Resources */,
				8508A6462478100A00A340A9 /* HeaderTableViewCell.xib in Resources */,
				D06A6FFC247CCE07006337E6 /* Main.storyboard in Resources */,
				5A15FC432474DA510029E2F0 /* LaunchScreen.storyboard in Resources */,
				5AB3E82424775E2400BC791B /* Task.storyboard in Resources */,
				5A15FC402474DA510029E2F0 /* Assets.xcassets in Resources */,
				5ABC4D6324858974005E466F /* Training.storyboard in Resources */,
				8508A65D247B67D300A340A9 /* PreviewCaptureTableViewCell.xib in Resources */,
				8508A6522478114500A340A9 /* ObjectRecognitionTableViewCell.xib in Resources */,
			);
			runOnlyForDeploymentPostprocessing = 0;
		};
/* End PBXResourcesBuildPhase section */

/* Begin PBXSourcesBuildPhase section */
		5A15FC2C2474DA4E0029E2F0 /* Sources */ = {
			isa = PBXSourcesBuildPhase;
			buildActionMask = 2147483647;
			files = (
				5A7D1B9B2480A3AD0077CE1A /* UserDefaults.swift in Sources */,
				8508A665247D825200A340A9 /* Resnet50.mlmodel in Sources */,
				5A7D1B9D2480C0DA0077CE1A /* DailyMission.swift in Sources */,
				5A15FC3E2474DA4E0029E2F0 /* Oalaa.xcdatamodeld in Sources */,
				D06A7002247CCE19006337E6 /* DataManager.swift in Sources */,
				D06A700B247CCE6D006337E6 /* SoundcardCollectionViewCell.swift in Sources */,
				D06A701D247CD7F9006337E6 /* Categories+CoreDataClass.swift in Sources */,
				8508A656247AD78D00A340A9 /* AddSoundCardSection.swift in Sources */,
				8508A661247B734800A340A9 /* FooterTableViewCell.swift in Sources */,
				8508A6452478100A00A340A9 /* HeaderTableViewCell.swift in Sources */,
				5A7D1B96247F54800077CE1A /* AchievementCell.swift in Sources */,
				5A15FC382474DA4E0029E2F0 /* SoundCardVC.swift in Sources */,
				D06A700C247CCE6D006337E6 /* CategoryCollectionViewCell.swift in Sources */,
				8508A664247D2E9900A340A9 /* CGImagePropertyOrientation.swift in Sources */,
				5A15FC342474DA4E0029E2F0 /* AppDelegate.swift in Sources */,
				D049C1D02474E945002D436B /* AddSoundCardVC.swift in Sources */,
				D06A701E247CD7F9006337E6 /* Categories+CoreDataProperties.swift in Sources */,
				5A7D1B94247F54580077CE1A /* DailyCell.swift in Sources */,
				5ABC4D6224858974005E466F /* TrainingVC.swift in Sources */,
				D049C1CE2474E933002D436B /* TaskVC.swift in Sources */,
				8508A6512478114500A340A9 /* ObjectRecognitionTableViewCell.swift in Sources */,
				5A15FC362474DA4E0029E2F0 /* SceneDelegate.swift in Sources */,
				D049C1D22474E954002D436B /* AddCategoryVC.swift in Sources */,
				D06A701B247CD7F9006337E6 /* Soundcards+CoreDataClass.swift in Sources */,
				D06A700A247CCE6D006337E6 /* addCategoryCollectionViewCell.swift in Sources */,
				8508A64D247810F400A340A9 /* PostCaptureTableViewCell.swift in Sources */,
				8508A65C247B67D300A340A9 /* PreviewCaptureTableViewCell.swift in Sources */,
				5A7D1B9824809BB00077CE1A /* TaskManager.swift in Sources */,
				D06A701C247CD7F9006337E6 /* Soundcards+CoreDataProperties.swift in Sources */,
			);
			runOnlyForDeploymentPostprocessing = 0;
		};
/* End PBXSourcesBuildPhase section */

/* Begin PBXVariantGroup section */
		5A15FC412474DA510029E2F0 /* LaunchScreen.storyboard */ = {
			isa = PBXVariantGroup;
			children = (
				5A15FC422474DA510029E2F0 /* Base */,
			);
			name = LaunchScreen.storyboard;
			sourceTree = "<group>";
		};
/* End PBXVariantGroup section */

/* Begin XCBuildConfiguration section */
		5A15FC452474DA510029E2F0 /* Debug */ = {
			isa = XCBuildConfiguration;
			buildSettings = {
				ALWAYS_SEARCH_USER_PATHS = NO;
				CLANG_ANALYZER_NONNULL = YES;
				CLANG_ANALYZER_NUMBER_OBJECT_CONVERSION = YES_AGGRESSIVE;
				CLANG_CXX_LANGUAGE_STANDARD = "gnu++14";
				CLANG_CXX_LIBRARY = "libc++";
				CLANG_ENABLE_MODULES = YES;
				CLANG_ENABLE_OBJC_ARC = YES;
				CLANG_ENABLE_OBJC_WEAK = YES;
				CLANG_WARN_BLOCK_CAPTURE_AUTORELEASING = YES;
				CLANG_WARN_BOOL_CONVERSION = YES;
				CLANG_WARN_COMMA = YES;
				CLANG_WARN_CONSTANT_CONVERSION = YES;
				CLANG_WARN_DEPRECATED_OBJC_IMPLEMENTATIONS = YES;
				CLANG_WARN_DIRECT_OBJC_ISA_USAGE = YES_ERROR;
				CLANG_WARN_DOCUMENTATION_COMMENTS = YES;
				CLANG_WARN_EMPTY_BODY = YES;
				CLANG_WARN_ENUM_CONVERSION = YES;
				CLANG_WARN_INFINITE_RECURSION = YES;
				CLANG_WARN_INT_CONVERSION = YES;
				CLANG_WARN_NON_LITERAL_NULL_CONVERSION = YES;
				CLANG_WARN_OBJC_IMPLICIT_RETAIN_SELF = YES;
				CLANG_WARN_OBJC_LITERAL_CONVERSION = YES;
				CLANG_WARN_OBJC_ROOT_CLASS = YES_ERROR;
				CLANG_WARN_RANGE_LOOP_ANALYSIS = YES;
				CLANG_WARN_STRICT_PROTOTYPES = YES;
				CLANG_WARN_SUSPICIOUS_MOVE = YES;
				CLANG_WARN_UNGUARDED_AVAILABILITY = YES_AGGRESSIVE;
				CLANG_WARN_UNREACHABLE_CODE = YES;
				CLANG_WARN__DUPLICATE_METHOD_MATCH = YES;
				COPY_PHASE_STRIP = NO;
				DEBUG_INFORMATION_FORMAT = dwarf;
				ENABLE_STRICT_OBJC_MSGSEND = YES;
				ENABLE_TESTABILITY = YES;
				GCC_C_LANGUAGE_STANDARD = gnu11;
				GCC_DYNAMIC_NO_PIC = NO;
				GCC_NO_COMMON_BLOCKS = YES;
				GCC_OPTIMIZATION_LEVEL = 0;
				GCC_PREPROCESSOR_DEFINITIONS = (
					"DEBUG=1",
					"$(inherited)",
				);
				GCC_WARN_64_TO_32_BIT_CONVERSION = YES;
				GCC_WARN_ABOUT_RETURN_TYPE = YES_ERROR;
				GCC_WARN_UNDECLARED_SELECTOR = YES;
				GCC_WARN_UNINITIALIZED_AUTOS = YES_AGGRESSIVE;
				GCC_WARN_UNUSED_FUNCTION = YES;
				GCC_WARN_UNUSED_VARIABLE = YES;
				IPHONEOS_DEPLOYMENT_TARGET = 13.4;
				MTL_ENABLE_DEBUG_INFO = INCLUDE_SOURCE;
				MTL_FAST_MATH = YES;
				ONLY_ACTIVE_ARCH = YES;
				SDKROOT = iphoneos;
				SWIFT_ACTIVE_COMPILATION_CONDITIONS = DEBUG;
				SWIFT_OPTIMIZATION_LEVEL = "-Onone";
			};
			name = Debug;
		};
		5A15FC462474DA510029E2F0 /* Release */ = {
			isa = XCBuildConfiguration;
			buildSettings = {
				ALWAYS_SEARCH_USER_PATHS = NO;
				CLANG_ANALYZER_NONNULL = YES;
				CLANG_ANALYZER_NUMBER_OBJECT_CONVERSION = YES_AGGRESSIVE;
				CLANG_CXX_LANGUAGE_STANDARD = "gnu++14";
				CLANG_CXX_LIBRARY = "libc++";
				CLANG_ENABLE_MODULES = YES;
				CLANG_ENABLE_OBJC_ARC = YES;
				CLANG_ENABLE_OBJC_WEAK = YES;
				CLANG_WARN_BLOCK_CAPTURE_AUTORELEASING = YES;
				CLANG_WARN_BOOL_CONVERSION = YES;
				CLANG_WARN_COMMA = YES;
				CLANG_WARN_CONSTANT_CONVERSION = YES;
				CLANG_WARN_DEPRECATED_OBJC_IMPLEMENTATIONS = YES;
				CLANG_WARN_DIRECT_OBJC_ISA_USAGE = YES_ERROR;
				CLANG_WARN_DOCUMENTATION_COMMENTS = YES;
				CLANG_WARN_EMPTY_BODY = YES;
				CLANG_WARN_ENUM_CONVERSION = YES;
				CLANG_WARN_INFINITE_RECURSION = YES;
				CLANG_WARN_INT_CONVERSION = YES;
				CLANG_WARN_NON_LITERAL_NULL_CONVERSION = YES;
				CLANG_WARN_OBJC_IMPLICIT_RETAIN_SELF = YES;
				CLANG_WARN_OBJC_LITERAL_CONVERSION = YES;
				CLANG_WARN_OBJC_ROOT_CLASS = YES_ERROR;
				CLANG_WARN_RANGE_LOOP_ANALYSIS = YES;
				CLANG_WARN_STRICT_PROTOTYPES = YES;
				CLANG_WARN_SUSPICIOUS_MOVE = YES;
				CLANG_WARN_UNGUARDED_AVAILABILITY = YES_AGGRESSIVE;
				CLANG_WARN_UNREACHABLE_CODE = YES;
				CLANG_WARN__DUPLICATE_METHOD_MATCH = YES;
				COPY_PHASE_STRIP = NO;
				DEBUG_INFORMATION_FORMAT = "dwarf-with-dsym";
				ENABLE_NS_ASSERTIONS = NO;
				ENABLE_STRICT_OBJC_MSGSEND = YES;
				GCC_C_LANGUAGE_STANDARD = gnu11;
				GCC_NO_COMMON_BLOCKS = YES;
				GCC_WARN_64_TO_32_BIT_CONVERSION = YES;
				GCC_WARN_ABOUT_RETURN_TYPE = YES_ERROR;
				GCC_WARN_UNDECLARED_SELECTOR = YES;
				GCC_WARN_UNINITIALIZED_AUTOS = YES_AGGRESSIVE;
				GCC_WARN_UNUSED_FUNCTION = YES;
				GCC_WARN_UNUSED_VARIABLE = YES;
				IPHONEOS_DEPLOYMENT_TARGET = 13.4;
				MTL_ENABLE_DEBUG_INFO = NO;
				MTL_FAST_MATH = YES;
				SDKROOT = iphoneos;
				SWIFT_COMPILATION_MODE = wholemodule;
				SWIFT_OPTIMIZATION_LEVEL = "-O";
				VALIDATE_PRODUCT = YES;
			};
			name = Release;
		};
		5A15FC482474DA510029E2F0 /* Debug */ = {
			isa = XCBuildConfiguration;
			buildSettings = {
				ASSETCATALOG_COMPILER_APPICON_NAME = AppIcon;
				CODE_SIGN_STYLE = Automatic;
				CURRENT_PROJECT_VERSION = 2;
				DEVELOPMENT_TEAM = T896KBRFKX;
				INFOPLIST_FILE = Oalaa/Info.plist;
				IPHONEOS_DEPLOYMENT_TARGET = 13.0;
				LD_RUNPATH_SEARCH_PATHS = (
					"$(inherited)",
					"@executable_path/Frameworks",
				);
				MARKETING_VERSION = 1.1;
				PRODUCT_BUNDLE_IDENTIFIER = "com.m2-911.Oalaa";
				PRODUCT_NAME = "$(TARGET_NAME)";
				SWIFT_VERSION = 5.0;
				TARGETED_DEVICE_FAMILY = "1,2";
			};
			name = Debug;
		};
		5A15FC492474DA510029E2F0 /* Release */ = {
			isa = XCBuildConfiguration;
			buildSettings = {
				ASSETCATALOG_COMPILER_APPICON_NAME = AppIcon;
				CODE_SIGN_STYLE = Automatic;
				CURRENT_PROJECT_VERSION = 2;
				DEVELOPMENT_TEAM = T896KBRFKX;
				INFOPLIST_FILE = Oalaa/Info.plist;
				IPHONEOS_DEPLOYMENT_TARGET = 13.0;
				LD_RUNPATH_SEARCH_PATHS = (
					"$(inherited)",
					"@executable_path/Frameworks",
				);
				MARKETING_VERSION = 1.1;
				PRODUCT_BUNDLE_IDENTIFIER = "com.m2-911.Oalaa";
				PRODUCT_NAME = "$(TARGET_NAME)";
				SWIFT_VERSION = 5.0;
				TARGETED_DEVICE_FAMILY = "1,2";
			};
			name = Release;
		};
/* End XCBuildConfiguration section */

/* Begin XCConfigurationList section */
		5A15FC2B2474DA4E0029E2F0 /* Build configuration list for PBXProject "Oalaa" */ = {
			isa = XCConfigurationList;
			buildConfigurations = (
				5A15FC452474DA510029E2F0 /* Debug */,
				5A15FC462474DA510029E2F0 /* Release */,
			);
			defaultConfigurationIsVisible = 0;
			defaultConfigurationName = Release;
		};
		5A15FC472474DA510029E2F0 /* Build configuration list for PBXNativeTarget "Oalaa" */ = {
			isa = XCConfigurationList;
			buildConfigurations = (
				5A15FC482474DA510029E2F0 /* Debug */,
				5A15FC492474DA510029E2F0 /* Release */,
			);
			defaultConfigurationIsVisible = 0;
			defaultConfigurationName = Release;
		};
/* End XCConfigurationList section */

/* Begin XCVersionGroup section */
		5A15FC3C2474DA4E0029E2F0 /* Oalaa.xcdatamodeld */ = {
			isa = XCVersionGroup;
			children = (
				5A15FC3D2474DA4E0029E2F0 /* Oalaa.xcdatamodel */,
			);
			currentVersion = 5A15FC3D2474DA4E0029E2F0 /* Oalaa.xcdatamodel */;
			path = Oalaa.xcdatamodeld;
			sourceTree = "<group>";
			versionGroupType = wrapper.xcdatamodel;
		};
/* End XCVersionGroup section */
	};
	rootObject = 5A15FC282474DA4E0029E2F0 /* Project object */;
}
